{
  "nodes": {
    "flakeNimbleLib": {
      "inputs": {
        "nixpkgs": [
          "nixpkgs"
        ]
      },
      "locked": {
        "lastModified": 1662018438,
        "narHash": "sha256-QtNtU6+LX3Wokxf0zlFwKTFOcn6TeDjKQZ+DA9OYtvM=",
        "owner": "riinr",
        "repo": "nim-flakes-lib",
        "rev": "b1fe8340736e3a85d25c709ac3dfd82a55c03cbf",
        "type": "github"
      },
      "original": {
        "owner": "riinr",
        "ref": "master",
        "repo": "nim-flakes-lib",
        "type": "github"
      }
    },
    "nixpkgs": {
      "locked": {
        "lastModified": 1667110639,
        "narHash": "sha256-4FbPESZ5LbqQxkJJJBAfk/zKgF9h/4kyUwjjpJwYlbc=",
        "owner": "NixOS",
        "repo": "nixpkgs",
        "rev": "f38a1f04d1bec1feb61fd101a0539ae2002a7087",
        "type": "github"
      },
      "original": {
        "id": "nixpkgs",
        "type": "indirect"
      }
    },
    "root": {
      "inputs": {
        "flakeNimbleLib": "flakeNimbleLib",
        "nixpkgs": "nixpkgs",
        "winres-v0_1_0": "winres-v0_1_0"
      }
    },
    "src-winres-v0_1_0": {
      "flake": false,
      "locked": {
        "lastModified": 1612990460,
        "narHash": "sha256-DVcuqvyp5CCP2ogNV8gA6OXtvpIKa6OZ8laCiqPfSrs=",
        "owner": "codehz",
        "repo": "nim-winres",
        "rev": "6507007a2bb26004ae9f15bec53b64d4a98b161f",
        "type": "github"
      },
      "original": {
        "owner": "codehz",
        "ref": "refs/tags/v0.1.0",
        "repo": "nim-winres",
        "type": "github"
      }
    },
    "winres-v0_1_0": {
      "inputs": {
        "flakeNimbleLib": [
          "flakeNimbleLib"
        ],
        "nixpkgs": [
          "nixpkgs"
        ],
        "src-winres-v0_1_0": "src-winres-v0_1_0"
      },
      "locked": {
        "dir": "v0_1_0",
        "lastModified": 1662254939,
        "narHash": "sha256-wyc6ShmXI0AC7pEhNj96Hn/Vbaw93y4dqsgzWYsB6ks=",
        "owner": "nim-nix-pkgs",
        "repo": "winres",
        "rev": "2a03792d46961eae601d49e356133b9dfbf569c3",
        "type": "github"
      },
      "original": {
        "dir": "v0_1_0",
        "owner": "nim-nix-pkgs",
        "ref": "master",
        "repo": "winres",
        "type": "github"
      }
    }
  },
  "root": "root",
  "version": 7
}
